// !$*UTF8*$!
{
	archiveVersion = 1;
	classes = {
	};
	objectVersion = 56;
	objects = {

/* Begin PBXBuildFile section */
		843C3AAD2C6DFEC300809CE2 /* AppDelegate.swift in Sources */ = {isa = PBXBuildFile; fileRef = 843C3AAC2C6DFEC300809CE2 /* AppDelegate.swift */; };
		843C3AAF2C6DFEC300809CE2 /* SceneDelegate.swift in Sources */ = {isa = PBXBuildFile; fileRef = 843C3AAE2C6DFEC300809CE2 /* SceneDelegate.swift */; };
		843C3AB62C6DFEC400809CE2 /* Assets.xcassets in Resources */ = {isa = PBXBuildFile; fileRef = 843C3AB52C6DFEC400809CE2 /* Assets.xcassets */; };
		843C3AC42C6DFEC400809CE2 /* QuizAppTests.swift in Sources */ = {isa = PBXBuildFile; fileRef = 843C3AC32C6DFEC400809CE2 /* QuizAppTests.swift */; };
		843C3ACE2C6DFEC400809CE2 /* QuizAppUITests.swift in Sources */ = {isa = PBXBuildFile; fileRef = 843C3ACD2C6DFEC400809CE2 /* QuizAppUITests.swift */; };
		843C3AD02C6DFEC400809CE2 /* QuizAppUITestsLaunchTests.swift in Sources */ = {isa = PBXBuildFile; fileRef = 843C3ACF2C6DFEC400809CE2 /* QuizAppUITestsLaunchTests.swift */; };
		843C3ADD2C6E3F3B00809CE2 /* QuestionsViewControllerTests.swift in Sources */ = {isa = PBXBuildFile; fileRef = 843C3ADC2C6E3F3B00809CE2 /* QuestionsViewControllerTests.swift */; };
		843C3AE02C6E4A5100809CE2 /* QuestionViewController.swift in Sources */ = {isa = PBXBuildFile; fileRef = 843C3ADE2C6E494B00809CE2 /* QuestionViewController.swift */; };
		843C3AE42C6E4C8C00809CE2 /* QuestionViewController.xib in Resources */ = {isa = PBXBuildFile; fileRef = 843C3AE32C6E4C8C00809CE2 /* QuestionViewController.xib */; };
		843C3B222C6F549600809CE2 /* ResultViewControllerTests.swift in Sources */ = {isa = PBXBuildFile; fileRef = 843C3B212C6F549600809CE2 /* ResultViewControllerTests.swift */; };
		843C3B242C6F554300809CE2 /* ResultViewController.swift in Sources */ = {isa = PBXBuildFile; fileRef = 843C3B232C6F554300809CE2 /* ResultViewController.swift */; };
		843C3B262C6F56AC00809CE2 /* ResultViewController.xib in Resources */ = {isa = PBXBuildFile; fileRef = 843C3B252C6F56AC00809CE2 /* ResultViewController.xib */; };
		843C3B282C6F68FB00809CE2 /* UITableView+Extension.swift in Sources */ = {isa = PBXBuildFile; fileRef = 843C3B272C6F68FB00809CE2 /* UITableView+Extension.swift */; };
		843C3B2A2C6F831B00809CE2 /* CorrectAnswerCell.xib in Resources */ = {isa = PBXBuildFile; fileRef = 843C3B292C6F831B00809CE2 /* CorrectAnswerCell.xib */; };
		843C3B2C2C6FB82A00809CE2 /* IncorrectAnswerCell.xib in Resources */ = {isa = PBXBuildFile; fileRef = 843C3B2B2C6FB82A00809CE2 /* IncorrectAnswerCell.xib */; };
		843C3B2E2C70724D00809CE2 /* PresentableAnswer.swift in Sources */ = {isa = PBXBuildFile; fileRef = 843C3B2D2C70724D00809CE2 /* PresentableAnswer.swift */; };
		843C3B302C70728900809CE2 /* CorrectAnswerCell.swift in Sources */ = {isa = PBXBuildFile; fileRef = 843C3B2F2C70728900809CE2 /* CorrectAnswerCell.swift */; };
		843C3B322C7072B700809CE2 /* IncorrectAnswerCell.swift in Sources */ = {isa = PBXBuildFile; fileRef = 843C3B312C7072B700809CE2 /* IncorrectAnswerCell.swift */; };
		843C3B342C7076E600809CE2 /* UITableView+Extensions.swift in Sources */ = {isa = PBXBuildFile; fileRef = 843C3B332C7076E600809CE2 /* UITableView+Extensions.swift */; };
		843C3BF12C7397C600809CE2 /* QuizEngine1.framework in Frameworks */ = {isa = PBXBuildFile; fileRef = 843C3BF02C7397C600809CE2 /* QuizEngine1.framework */; };
		843C3BF42C73A36400809CE2 /* NavigationControllerRouterTests.swift in Sources */ = {isa = PBXBuildFile; fileRef = 843C3BF22C73A2F900809CE2 /* NavigationControllerRouterTests.swift */; };
		843C3BF62C73A55D00809CE2 /* NavigationControllerRouter.swift in Sources */ = {isa = PBXBuildFile; fileRef = 843C3BF52C73A55D00809CE2 /* NavigationControllerRouter.swift */; };
		843C3BF82C748BC100809CE2 /* QuestionTests.swift in Sources */ = {isa = PBXBuildFile; fileRef = 843C3BF72C748BC100809CE2 /* QuestionTests.swift */; };
		843C3BFA2C7493D000809CE2 /* Question.swift in Sources */ = {isa = PBXBuildFile; fileRef = 843C3BF92C7493D000809CE2 /* Question.swift */; };
		843C3BFC2C74F50100809CE2 /* ViewControllerFactory.swift in Sources */ = {isa = PBXBuildFile; fileRef = 843C3BFB2C74F50100809CE2 /* ViewControllerFactory.swift */; };
		843C3BFE2C74F65B00809CE2 /* iOSViewControllerFactoryTests.swift in Sources */ = {isa = PBXBuildFile; fileRef = 843C3BFD2C74F65B00809CE2 /* iOSViewControllerFactoryTests.swift */; };
		843C3C002C74F77800809CE2 /* iOSViewControllerFactory.swift in Sources */ = {isa = PBXBuildFile; fileRef = 843C3BFF2C74F77800809CE2 /* iOSViewControllerFactory.swift */; };
/* End PBXBuildFile section */

/* Begin PBXContainerItemProxy section */
		843C3AC02C6DFEC400809CE2 /* PBXContainerItemProxy */ = {
			isa = PBXContainerItemProxy;
			containerPortal = 843C3AA12C6DFEC300809CE2 /* Project object */;
			proxyType = 1;
			remoteGlobalIDString = 843C3AA82C6DFEC300809CE2;
			remoteInfo = QuizApp;
		};
		843C3ACA2C6DFEC400809CE2 /* PBXContainerItemProxy */ = {
			isa = PBXContainerItemProxy;
			containerPortal = 843C3AA12C6DFEC300809CE2 /* Project object */;
			proxyType = 1;
			remoteGlobalIDString = 843C3AA82C6DFEC300809CE2;
			remoteInfo = QuizApp;
		};
/* End PBXContainerItemProxy section */

/* Begin PBXFileReference section */
		843C3AA92C6DFEC300809CE2 /* QuizApp.app */ = {isa = PBXFileReference; explicitFileType = wrapper.application; includeInIndex = 0; path = QuizApp.app; sourceTree = BUILT_PRODUCTS_DIR; };
		843C3AAC2C6DFEC300809CE2 /* AppDelegate.swift */ = {isa = PBXFileReference; lastKnownFileType = sourcecode.swift; path = AppDelegate.swift; sourceTree = "<group>"; };
		843C3AAE2C6DFEC300809CE2 /* SceneDelegate.swift */ = {isa = PBXFileReference; lastKnownFileType = sourcecode.swift; path = SceneDelegate.swift; sourceTree = "<group>"; };
		843C3AB52C6DFEC400809CE2 /* Assets.xcassets */ = {isa = PBXFileReference; lastKnownFileType = folder.assetcatalog; path = Assets.xcassets; sourceTree = "<group>"; };
		843C3ABA2C6DFEC400809CE2 /* Info.plist */ = {isa = PBXFileReference; lastKnownFileType = text.plist.xml; path = Info.plist; sourceTree = "<group>"; };
		843C3ABF2C6DFEC400809CE2 /* QuizAppTests.xctest */ = {isa = PBXFileReference; explicitFileType = wrapper.cfbundle; includeInIndex = 0; path = QuizAppTests.xctest; sourceTree = BUILT_PRODUCTS_DIR; };
		843C3AC32C6DFEC400809CE2 /* QuizAppTests.swift */ = {isa = PBXFileReference; lastKnownFileType = sourcecode.swift; path = QuizAppTests.swift; sourceTree = "<group>"; };
		843C3AC92C6DFEC400809CE2 /* QuizAppUITests.xctest */ = {isa = PBXFileReference; explicitFileType = wrapper.cfbundle; includeInIndex = 0; path = QuizAppUITests.xctest; sourceTree = BUILT_PRODUCTS_DIR; };
		843C3ACD2C6DFEC400809CE2 /* QuizAppUITests.swift */ = {isa = PBXFileReference; lastKnownFileType = sourcecode.swift; path = QuizAppUITests.swift; sourceTree = "<group>"; };
		843C3ACF2C6DFEC400809CE2 /* QuizAppUITestsLaunchTests.swift */ = {isa = PBXFileReference; lastKnownFileType = sourcecode.swift; path = QuizAppUITestsLaunchTests.swift; sourceTree = "<group>"; };
		843C3ADC2C6E3F3B00809CE2 /* QuestionsViewControllerTests.swift */ = {isa = PBXFileReference; lastKnownFileType = sourcecode.swift; path = QuestionsViewControllerTests.swift; sourceTree = "<group>"; };
		843C3ADE2C6E494B00809CE2 /* QuestionViewController.swift */ = {isa = PBXFileReference; lastKnownFileType = sourcecode.swift; path = QuestionViewController.swift; sourceTree = "<group>"; };
		843C3AE32C6E4C8C00809CE2 /* QuestionViewController.xib */ = {isa = PBXFileReference; lastKnownFileType = file.xib; path = QuestionViewController.xib; sourceTree = "<group>"; };
		843C3B212C6F549600809CE2 /* ResultViewControllerTests.swift */ = {isa = PBXFileReference; lastKnownFileType = sourcecode.swift; path = ResultViewControllerTests.swift; sourceTree = "<group>"; };
		843C3B232C6F554300809CE2 /* ResultViewController.swift */ = {isa = PBXFileReference; lastKnownFileType = sourcecode.swift; path = ResultViewController.swift; sourceTree = "<group>"; };
		843C3B252C6F56AC00809CE2 /* ResultViewController.xib */ = {isa = PBXFileReference; lastKnownFileType = file.xib; path = ResultViewController.xib; sourceTree = "<group>"; };
		843C3B272C6F68FB00809CE2 /* UITableView+Extension.swift */ = {isa = PBXFileReference; lastKnownFileType = sourcecode.swift; path = "UITableView+Extension.swift"; sourceTree = "<group>"; };
		843C3B292C6F831B00809CE2 /* CorrectAnswerCell.xib */ = {isa = PBXFileReference; lastKnownFileType = file.xib; path = CorrectAnswerCell.xib; sourceTree = "<group>"; };
		843C3B2B2C6FB82A00809CE2 /* IncorrectAnswerCell.xib */ = {isa = PBXFileReference; lastKnownFileType = file.xib; path = IncorrectAnswerCell.xib; sourceTree = "<group>"; };
		843C3B2D2C70724D00809CE2 /* PresentableAnswer.swift */ = {isa = PBXFileReference; lastKnownFileType = sourcecode.swift; path = PresentableAnswer.swift; sourceTree = "<group>"; };
		843C3B2F2C70728900809CE2 /* CorrectAnswerCell.swift */ = {isa = PBXFileReference; lastKnownFileType = sourcecode.swift; path = CorrectAnswerCell.swift; sourceTree = "<group>"; };
		843C3B312C7072B700809CE2 /* IncorrectAnswerCell.swift */ = {isa = PBXFileReference; lastKnownFileType = sourcecode.swift; path = IncorrectAnswerCell.swift; sourceTree = "<group>"; };
		843C3B332C7076E600809CE2 /* UITableView+Extensions.swift */ = {isa = PBXFileReference; lastKnownFileType = sourcecode.swift; path = "UITableView+Extensions.swift"; sourceTree = "<group>"; };
		843C3BF02C7397C600809CE2 /* QuizEngine1.framework */ = {isa = PBXFileReference; explicitFileType = wrapper.framework; path = QuizEngine1.framework; sourceTree = BUILT_PRODUCTS_DIR; };
		843C3BF22C73A2F900809CE2 /* NavigationControllerRouterTests.swift */ = {isa = PBXFileReference; lastKnownFileType = sourcecode.swift; path = NavigationControllerRouterTests.swift; sourceTree = "<group>"; };
		843C3BF52C73A55D00809CE2 /* NavigationControllerRouter.swift */ = {isa = PBXFileReference; lastKnownFileType = sourcecode.swift; path = NavigationControllerRouter.swift; sourceTree = "<group>"; };
		843C3BF72C748BC100809CE2 /* QuestionTests.swift */ = {isa = PBXFileReference; lastKnownFileType = sourcecode.swift; path = QuestionTests.swift; sourceTree = "<group>"; };
		843C3BF92C7493D000809CE2 /* Question.swift */ = {isa = PBXFileReference; lastKnownFileType = sourcecode.swift; path = Question.swift; sourceTree = "<group>"; };
		843C3BFB2C74F50100809CE2 /* ViewControllerFactory.swift */ = {isa = PBXFileReference; lastKnownFileType = sourcecode.swift; path = ViewControllerFactory.swift; sourceTree = "<group>"; };
		843C3BFD2C74F65B00809CE2 /* iOSViewControllerFactoryTests.swift */ = {isa = PBXFileReference; lastKnownFileType = sourcecode.swift; path = iOSViewControllerFactoryTests.swift; sourceTree = "<group>"; };
		843C3BFF2C74F77800809CE2 /* iOSViewControllerFactory.swift */ = {isa = PBXFileReference; lastKnownFileType = sourcecode.swift; path = iOSViewControllerFactory.swift; sourceTree = "<group>"; };
/* End PBXFileReference section */

/* Begin PBXFrameworksBuildPhase section */
		843C3AA62C6DFEC300809CE2 /* Frameworks */ = {
			isa = PBXFrameworksBuildPhase;
			buildActionMask = 2147483647;
			files = (
				843C3BF12C7397C600809CE2 /* QuizEngine1.framework in Frameworks */,
			);
			runOnlyForDeploymentPostprocessing = 0;
		};
		843C3ABC2C6DFEC400809CE2 /* Frameworks */ = {
			isa = PBXFrameworksBuildPhase;
			buildActionMask = 2147483647;
			files = (
			);
			runOnlyForDeploymentPostprocessing = 0;
		};
		843C3AC62C6DFEC400809CE2 /* Frameworks */ = {
			isa = PBXFrameworksBuildPhase;
			buildActionMask = 2147483647;
			files = (
			);
			runOnlyForDeploymentPostprocessing = 0;
		};
/* End PBXFrameworksBuildPhase section */

/* Begin PBXGroup section */
		843C3AA02C6DFEC300809CE2 = {
			isa = PBXGroup;
			children = (
				843C3AAB2C6DFEC300809CE2 /* QuizApp */,
				843C3AC22C6DFEC400809CE2 /* QuizAppTests */,
				843C3ACC2C6DFEC400809CE2 /* QuizAppUITests */,
				843C3AAA2C6DFEC300809CE2 /* Products */,
				843C3B652C70FBF900809CE2 /* Frameworks */,
			);
			sourceTree = "<group>";
		};
		843C3AAA2C6DFEC300809CE2 /* Products */ = {
			isa = PBXGroup;
			children = (
				843C3AA92C6DFEC300809CE2 /* QuizApp.app */,
				843C3ABF2C6DFEC400809CE2 /* QuizAppTests.xctest */,
				843C3AC92C6DFEC400809CE2 /* QuizAppUITests.xctest */,
			);
			name = Products;
			sourceTree = "<group>";
		};
		843C3AAB2C6DFEC300809CE2 /* QuizApp */ = {
			isa = PBXGroup;
			children = (
				843C3ADE2C6E494B00809CE2 /* QuestionViewController.swift */,
				843C3AE32C6E4C8C00809CE2 /* QuestionViewController.xib */,
				843C3B232C6F554300809CE2 /* ResultViewController.swift */,
				843C3B252C6F56AC00809CE2 /* ResultViewController.xib */,
				843C3B2D2C70724D00809CE2 /* PresentableAnswer.swift */,
				843C3B292C6F831B00809CE2 /* CorrectAnswerCell.xib */,
				843C3B2B2C6FB82A00809CE2 /* IncorrectAnswerCell.xib */,
				843C3B2F2C70728900809CE2 /* CorrectAnswerCell.swift */,
				843C3B312C7072B700809CE2 /* IncorrectAnswerCell.swift */,
				843C3B332C7076E600809CE2 /* UITableView+Extensions.swift */,
				843C3AAC2C6DFEC300809CE2 /* AppDelegate.swift */,
				843C3AAE2C6DFEC300809CE2 /* SceneDelegate.swift */,
				843C3AB52C6DFEC400809CE2 /* Assets.xcassets */,
				843C3ABA2C6DFEC400809CE2 /* Info.plist */,
				843C3BF52C73A55D00809CE2 /* NavigationControllerRouter.swift */,
				843C3BF92C7493D000809CE2 /* Question.swift */,
				843C3BFB2C74F50100809CE2 /* ViewControllerFactory.swift */,
				843C3BFF2C74F77800809CE2 /* iOSViewControllerFactory.swift */,
			);
			path = QuizApp;
			sourceTree = "<group>";
		};
		843C3AC22C6DFEC400809CE2 /* QuizAppTests */ = {
			isa = PBXGroup;
			children = (
				843C3AC32C6DFEC400809CE2 /* QuizAppTests.swift */,
				843C3BF22C73A2F900809CE2 /* NavigationControllerRouterTests.swift */,
				843C3ADC2C6E3F3B00809CE2 /* QuestionsViewControllerTests.swift */,
				843C3B212C6F549600809CE2 /* ResultViewControllerTests.swift */,
				843C3B272C6F68FB00809CE2 /* UITableView+Extension.swift */,
				843C3BF72C748BC100809CE2 /* QuestionTests.swift */,
				843C3BFD2C74F65B00809CE2 /* iOSViewControllerFactoryTests.swift */,
			);
			path = QuizAppTests;
			sourceTree = "<group>";
		};
		843C3ACC2C6DFEC400809CE2 /* QuizAppUITests */ = {
			isa = PBXGroup;
			children = (
				843C3ACD2C6DFEC400809CE2 /* QuizAppUITests.swift */,
				843C3ACF2C6DFEC400809CE2 /* QuizAppUITestsLaunchTests.swift */,
			);
			path = QuizAppUITests;
			sourceTree = "<group>";
		};
		843C3B652C70FBF900809CE2 /* Frameworks */ = {
			isa = PBXGroup;
			children = (
				843C3BF02C7397C600809CE2 /* QuizEngine1.framework */,
			);
			name = Frameworks;
			sourceTree = "<group>";
		};
/* End PBXGroup section */

/* Begin PBXNativeTarget section */
		843C3AA82C6DFEC300809CE2 /* QuizApp */ = {
			isa = PBXNativeTarget;
			buildConfigurationList = 843C3AD32C6DFEC400809CE2 /* Build configuration list for PBXNativeTarget "QuizApp" */;
			buildPhases = (
				843C3AA52C6DFEC300809CE2 /* Sources */,
				843C3AA62C6DFEC300809CE2 /* Frameworks */,
				843C3AA72C6DFEC300809CE2 /* Resources */,
			);
			buildRules = (
			);
			dependencies = (
			);
			name = QuizApp;
			productName = QuizApp;
			productReference = 843C3AA92C6DFEC300809CE2 /* QuizApp.app */;
			productType = "com.apple.product-type.application";
		};
		843C3ABE2C6DFEC400809CE2 /* QuizAppTests */ = {
			isa = PBXNativeTarget;
			buildConfigurationList = 843C3AD62C6DFEC400809CE2 /* Build configuration list for PBXNativeTarget "QuizAppTests" */;
			buildPhases = (
				843C3ABB2C6DFEC400809CE2 /* Sources */,
				843C3ABC2C6DFEC400809CE2 /* Frameworks */,
				843C3ABD2C6DFEC400809CE2 /* Resources */,
			);
			buildRules = (
			);
			dependencies = (
				843C3AC12C6DFEC400809CE2 /* PBXTargetDependency */,
			);
			name = QuizAppTests;
			productName = QuizAppTests;
			productReference = 843C3ABF2C6DFEC400809CE2 /* QuizAppTests.xctest */;
			productType = "com.apple.product-type.bundle.unit-test";
		};
		843C3AC82C6DFEC400809CE2 /* QuizAppUITests */ = {
			isa = PBXNativeTarget;
			buildConfigurationList = 843C3AD92C6DFEC400809CE2 /* Build configuration list for PBXNativeTarget "QuizAppUITests" */;
			buildPhases = (
				843C3AC52C6DFEC400809CE2 /* Sources */,
				843C3AC62C6DFEC400809CE2 /* Frameworks */,
				843C3AC72C6DFEC400809CE2 /* Resources */,
			);
			buildRules = (
			);
			dependencies = (
				843C3ACB2C6DFEC400809CE2 /* PBXTargetDependency */,
			);
			name = QuizAppUITests;
			productName = QuizAppUITests;
			productReference = 843C3AC92C6DFEC400809CE2 /* QuizAppUITests.xctest */;
			productType = "com.apple.product-type.bundle.ui-testing";
		};
/* End PBXNativeTarget section */

/* Begin PBXProject section */
		843C3AA12C6DFEC300809CE2 /* Project object */ = {
			isa = PBXProject;
			attributes = {
				BuildIndependentTargetsInParallel = 1;
				LastSwiftUpdateCheck = 1540;
				LastUpgradeCheck = 1540;
				TargetAttributes = {
					843C3AA82C6DFEC300809CE2 = {
						CreatedOnToolsVersion = 15.4;
					};
					843C3ABE2C6DFEC400809CE2 = {
						CreatedOnToolsVersion = 15.4;
						TestTargetID = 843C3AA82C6DFEC300809CE2;
					};
					843C3AC82C6DFEC400809CE2 = {
						CreatedOnToolsVersion = 15.4;
						TestTargetID = 843C3AA82C6DFEC300809CE2;
					};
				};
			};
			buildConfigurationList = 843C3AA42C6DFEC300809CE2 /* Build configuration list for PBXProject "QuizApp" */;
			compatibilityVersion = "Xcode 14.0";
			developmentRegion = en;
			hasScannedForEncodings = 0;
			knownRegions = (
				en,
				Base,
			);
			mainGroup = 843C3AA02C6DFEC300809CE2;
			productRefGroup = 843C3AAA2C6DFEC300809CE2 /* Products */;
			projectDirPath = "";
			projectRoot = "";
			targets = (
				843C3AA82C6DFEC300809CE2 /* QuizApp */,
				843C3ABE2C6DFEC400809CE2 /* QuizAppTests */,
				843C3AC82C6DFEC400809CE2 /* QuizAppUITests */,
			);
		};
/* End PBXProject section */

/* Begin PBXResourcesBuildPhase section */
		843C3AA72C6DFEC300809CE2 /* Resources */ = {
			isa = PBXResourcesBuildPhase;
			buildActionMask = 2147483647;
			files = (
				843C3B2A2C6F831B00809CE2 /* CorrectAnswerCell.xib in Resources */,
				843C3B2C2C6FB82A00809CE2 /* IncorrectAnswerCell.xib in Resources */,
				843C3AE42C6E4C8C00809CE2 /* QuestionViewController.xib in Resources */,
				843C3B262C6F56AC00809CE2 /* ResultViewController.xib in Resources */,
				843C3AB62C6DFEC400809CE2 /* Assets.xcassets in Resources */,
			);
			runOnlyForDeploymentPostprocessing = 0;
		};
		843C3ABD2C6DFEC400809CE2 /* Resources */ = {
			isa = PBXResourcesBuildPhase;
			buildActionMask = 2147483647;
			files = (
			);
			runOnlyForDeploymentPostprocessing = 0;
		};
		843C3AC72C6DFEC400809CE2 /* Resources */ = {
			isa = PBXResourcesBuildPhase;
			buildActionMask = 2147483647;
			files = (
			);
			runOnlyForDeploymentPostprocessing = 0;
		};
/* End PBXResourcesBuildPhase section */

/* Begin PBXSourcesBuildPhase section */
		843C3AA52C6DFEC300809CE2 /* Sources */ = {
			isa = PBXSourcesBuildPhase;
			buildActionMask = 2147483647;
			files = (
				843C3B322C7072B700809CE2 /* IncorrectAnswerCell.swift in Sources */,
				843C3AAD2C6DFEC300809CE2 /* AppDelegate.swift in Sources */,
				843C3AAF2C6DFEC300809CE2 /* SceneDelegate.swift in Sources */,
				843C3B342C7076E600809CE2 /* UITableView+Extensions.swift in Sources */,
				843C3AE02C6E4A5100809CE2 /* QuestionViewController.swift in Sources */,
				843C3BFA2C7493D000809CE2 /* Question.swift in Sources */,
				843C3B2E2C70724D00809CE2 /* PresentableAnswer.swift in Sources */,
				843C3C002C74F77800809CE2 /* iOSViewControllerFactory.swift in Sources */,
				843C3BF62C73A55D00809CE2 /* NavigationControllerRouter.swift in Sources */,
				843C3B302C70728900809CE2 /* CorrectAnswerCell.swift in Sources */,
				843C3B242C6F554300809CE2 /* ResultViewController.swift in Sources */,
				843C3BFC2C74F50100809CE2 /* ViewControllerFactory.swift in Sources */,
			);
			runOnlyForDeploymentPostprocessing = 0;
		};
		843C3ABB2C6DFEC400809CE2 /* Sources */ = {
			isa = PBXSourcesBuildPhase;
			buildActionMask = 2147483647;
			files = (
				843C3ADD2C6E3F3B00809CE2 /* QuestionsViewControllerTests.swift in Sources */,
				843C3BFE2C74F65B00809CE2 /* iOSViewControllerFactoryTests.swift in Sources */,
				843C3B222C6F549600809CE2 /* ResultViewControllerTests.swift in Sources */,
				843C3BF42C73A36400809CE2 /* NavigationControllerRouterTests.swift in Sources */,
				843C3AC42C6DFEC400809CE2 /* QuizAppTests.swift in Sources */,
				843C3B282C6F68FB00809CE2 /* UITableView+Extension.swift in Sources */,
				843C3BF82C748BC100809CE2 /* QuestionTests.swift in Sources */,
			);
			runOnlyForDeploymentPostprocessing = 0;
		};
		843C3AC52C6DFEC400809CE2 /* Sources */ = {
			isa = PBXSourcesBuildPhase;
			buildActionMask = 2147483647;
			files = (
				843C3ACE2C6DFEC400809CE2 /* QuizAppUITests.swift in Sources */,
				843C3AD02C6DFEC400809CE2 /* QuizAppUITestsLaunchTests.swift in Sources */,
			);
			runOnlyForDeploymentPostprocessing = 0;
		};
/* End PBXSourcesBuildPhase section */

/* Begin PBXTargetDependency section */
		843C3AC12C6DFEC400809CE2 /* PBXTargetDependency */ = {
			isa = PBXTargetDependency;
			target = 843C3AA82C6DFEC300809CE2 /* QuizApp */;
			targetProxy = 843C3AC02C6DFEC400809CE2 /* PBXContainerItemProxy */;
		};
		843C3ACB2C6DFEC400809CE2 /* PBXTargetDependency */ = {
			isa = PBXTargetDependency;
			target = 843C3AA82C6DFEC300809CE2 /* QuizApp */;
			targetProxy = 843C3ACA2C6DFEC400809CE2 /* PBXContainerItemProxy */;
		};
/* End PBXTargetDependency section */

/* Begin XCBuildConfiguration section */
		843C3AD12C6DFEC400809CE2 /* Debug */ = {
			isa = XCBuildConfiguration;
			buildSettings = {
				ALWAYS_SEARCH_USER_PATHS = NO;
				ASSETCATALOG_COMPILER_GENERATE_SWIFT_ASSET_SYMBOL_EXTENSIONS = YES;
				CLANG_ANALYZER_NONNULL = YES;
				CLANG_ANALYZER_NUMBER_OBJECT_CONVERSION = YES_AGGRESSIVE;
				CLANG_CXX_LANGUAGE_STANDARD = "gnu++20";
				CLANG_ENABLE_MODULES = YES;
				CLANG_ENABLE_OBJC_ARC = YES;
				CLANG_ENABLE_OBJC_WEAK = YES;
				CLANG_WARN_BLOCK_CAPTURE_AUTORELEASING = YES;
				CLANG_WARN_BOOL_CONVERSION = YES;
				CLANG_WARN_COMMA = YES;
				CLANG_WARN_CONSTANT_CONVERSION = YES;
				CLANG_WARN_DEPRECATED_OBJC_IMPLEMENTATIONS = YES;
				CLANG_WARN_DIRECT_OBJC_ISA_USAGE = YES_ERROR;
				CLANG_WARN_DOCUMENTATION_COMMENTS = YES;
				CLANG_WARN_EMPTY_BODY = YES;
				CLANG_WARN_ENUM_CONVERSION = YES;
				CLANG_WARN_INFINITE_RECURSION = YES;
				CLANG_WARN_INT_CONVERSION = YES;
				CLANG_WARN_NON_LITERAL_NULL_CONVERSION = YES;
				CLANG_WARN_OBJC_IMPLICIT_RETAIN_SELF = YES;
				CLANG_WARN_OBJC_LITERAL_CONVERSION = YES;
				CLANG_WARN_OBJC_ROOT_CLASS = YES_ERROR;
				CLANG_WARN_QUOTED_INCLUDE_IN_FRAMEWORK_HEADER = YES;
				CLANG_WARN_RANGE_LOOP_ANALYSIS = YES;
				CLANG_WARN_STRICT_PROTOTYPES = YES;
				CLANG_WARN_SUSPICIOUS_MOVE = YES;
				CLANG_WARN_UNGUARDED_AVAILABILITY = YES_AGGRESSIVE;
				CLANG_WARN_UNREACHABLE_CODE = YES;
				CLANG_WARN__DUPLICATE_METHOD_MATCH = YES;
				COPY_PHASE_STRIP = NO;
				DEBUG_INFORMATION_FORMAT = dwarf;
				ENABLE_STRICT_OBJC_MSGSEND = YES;
				ENABLE_TESTABILITY = YES;
				ENABLE_USER_SCRIPT_SANDBOXING = YES;
				GCC_C_LANGUAGE_STANDARD = gnu17;
				GCC_DYNAMIC_NO_PIC = NO;
				GCC_NO_COMMON_BLOCKS = YES;
				GCC_OPTIMIZATION_LEVEL = 0;
				GCC_PREPROCESSOR_DEFINITIONS = (
					"DEBUG=1",
					"$(inherited)",
				);
				GCC_WARN_64_TO_32_BIT_CONVERSION = YES;
				GCC_WARN_ABOUT_RETURN_TYPE = YES_ERROR;
				GCC_WARN_UNDECLARED_SELECTOR = YES;
				GCC_WARN_UNINITIALIZED_AUTOS = YES_AGGRESSIVE;
				GCC_WARN_UNUSED_FUNCTION = YES;
				GCC_WARN_UNUSED_VARIABLE = YES;
				IPHONEOS_DEPLOYMENT_TARGET = 17.5;
				LOCALIZATION_PREFERS_STRING_CATALOGS = YES;
				MTL_ENABLE_DEBUG_INFO = INCLUDE_SOURCE;
				MTL_FAST_MATH = YES;
				ONLY_ACTIVE_ARCH = YES;
				SDKROOT = iphoneos;
				SWIFT_ACTIVE_COMPILATION_CONDITIONS = "DEBUG $(inherited)";
				SWIFT_OPTIMIZATION_LEVEL = "-Onone";
			};
			name = Debug;
		};
		843C3AD22C6DFEC400809CE2 /* Release */ = {
			isa = XCBuildConfiguration;
			buildSettings = {
				ALWAYS_SEARCH_USER_PATHS = NO;
				ASSETCATALOG_COMPILER_GENERATE_SWIFT_ASSET_SYMBOL_EXTENSIONS = YES;
				CLANG_ANALYZER_NONNULL = YES;
				CLANG_ANALYZER_NUMBER_OBJECT_CONVERSION = YES_AGGRESSIVE;
				CLANG_CXX_LANGUAGE_STANDARD = "gnu++20";
				CLANG_ENABLE_MODULES = YES;
				CLANG_ENABLE_OBJC_ARC = YES;
				CLANG_ENABLE_OBJC_WEAK = YES;
				CLANG_WARN_BLOCK_CAPTURE_AUTORELEASING = YES;
				CLANG_WARN_BOOL_CONVERSION = YES;
				CLANG_WARN_COMMA = YES;
				CLANG_WARN_CONSTANT_CONVERSION = YES;
				CLANG_WARN_DEPRECATED_OBJC_IMPLEMENTATIONS = YES;
				CLANG_WARN_DIRECT_OBJC_ISA_USAGE = YES_ERROR;
				CLANG_WARN_DOCUMENTATION_COMMENTS = YES;
				CLANG_WARN_EMPTY_BODY = YES;
				CLANG_WARN_ENUM_CONVERSION = YES;
				CLANG_WARN_INFINITE_RECURSION = YES;
				CLANG_WARN_INT_CONVERSION = YES;
				CLANG_WARN_NON_LITERAL_NULL_CONVERSION = YES;
				CLANG_WARN_OBJC_IMPLICIT_RETAIN_SELF = YES;
				CLANG_WARN_OBJC_LITERAL_CONVERSION = YES;
				CLANG_WARN_OBJC_ROOT_CLASS = YES_ERROR;
				CLANG_WARN_QUOTED_INCLUDE_IN_FRAMEWORK_HEADER = YES;
				CLANG_WARN_RANGE_LOOP_ANALYSIS = YES;
				CLANG_WARN_STRICT_PROTOTYPES = YES;
				CLANG_WARN_SUSPICIOUS_MOVE = YES;
				CLANG_WARN_UNGUARDED_AVAILABILITY = YES_AGGRESSIVE;
				CLANG_WARN_UNREACHABLE_CODE = YES;
				CLANG_WARN__DUPLICATE_METHOD_MATCH = YES;
				COPY_PHASE_STRIP = NO;
				DEBUG_INFORMATION_FORMAT = "dwarf-with-dsym";
				ENABLE_NS_ASSERTIONS = NO;
				ENABLE_STRICT_OBJC_MSGSEND = YES;
				ENABLE_USER_SCRIPT_SANDBOXING = YES;
				GCC_C_LANGUAGE_STANDARD = gnu17;
				GCC_NO_COMMON_BLOCKS = YES;
				GCC_WARN_64_TO_32_BIT_CONVERSION = YES;
				GCC_WARN_ABOUT_RETURN_TYPE = YES_ERROR;
				GCC_WARN_UNDECLARED_SELECTOR = YES;
				GCC_WARN_UNINITIALIZED_AUTOS = YES_AGGRESSIVE;
				GCC_WARN_UNUSED_FUNCTION = YES;
				GCC_WARN_UNUSED_VARIABLE = YES;
				IPHONEOS_DEPLOYMENT_TARGET = 17.5;
				LOCALIZATION_PREFERS_STRING_CATALOGS = YES;
				MTL_ENABLE_DEBUG_INFO = NO;
				MTL_FAST_MATH = YES;
				SDKROOT = iphoneos;
				SWIFT_COMPILATION_MODE = wholemodule;
				VALIDATE_PRODUCT = YES;
			};
			name = Release;
		};
		843C3AD42C6DFEC400809CE2 /* Debug */ = {
			isa = XCBuildConfiguration;
			buildSettings = {
				ASSETCATALOG_COMPILER_APPICON_NAME = AppIcon;
				ASSETCATALOG_COMPILER_GLOBAL_ACCENT_COLOR_NAME = AccentColor;
				CODE_SIGN_STYLE = Automatic;
				CURRENT_PROJECT_VERSION = 1;
				DEVELOPMENT_TEAM = BUV6TS7UB9;
				FRAMEWORK_SEARCH_PATHS = "";
				GENERATE_INFOPLIST_FILE = YES;
				INFOPLIST_FILE = QuizApp/Info.plist;
				INFOPLIST_KEY_UIApplicationSupportsIndirectInputEvents = YES;
				INFOPLIST_KEY_UILaunchStoryboardName = LaunchScreen;
				INFOPLIST_KEY_UISupportedInterfaceOrientations_iPad = "UIInterfaceOrientationPortrait UIInterfaceOrientationPortraitUpsideDown UIInterfaceOrientationLandscapeLeft UIInterfaceOrientationLandscapeRight";
				INFOPLIST_KEY_UISupportedInterfaceOrientations_iPhone = "UIInterfaceOrientationPortrait UIInterfaceOrientationLandscapeLeft UIInterfaceOrientationLandscapeRight";
				LD_RUNPATH_SEARCH_PATHS = (
					"$(inherited)",
					"@executable_path/Frameworks",
				);
				MARKETING_VERSION = 1.0;
				PRODUCT_BUNDLE_IDENTIFIER = com.personal.QuizApp;
				PRODUCT_NAME = "$(TARGET_NAME)";
				SWIFT_EMIT_LOC_STRINGS = YES;
				SWIFT_VERSION = 5.0;
				TARGETED_DEVICE_FAMILY = "1,2";
			};
			name = Debug;
		};
		843C3AD52C6DFEC400809CE2 /* Release */ = {
			isa = XCBuildConfiguration;
			buildSettings = {
				ASSETCATALOG_COMPILER_APPICON_NAME = AppIcon;
				ASSETCATALOG_COMPILER_GLOBAL_ACCENT_COLOR_NAME = AccentColor;
				CODE_SIGN_STYLE = Automatic;
				CURRENT_PROJECT_VERSION = 1;
				DEVELOPMENT_TEAM = BUV6TS7UB9;
				FRAMEWORK_SEARCH_PATHS = "";
				GENERATE_INFOPLIST_FILE = YES;
				INFOPLIST_FILE = QuizApp/Info.plist;
				INFOPLIST_KEY_UIApplicationSupportsIndirectInputEvents = YES;
				INFOPLIST_KEY_UILaunchStoryboardName = LaunchScreen;
				INFOPLIST_KEY_UISupportedInterfaceOrientations_iPad = "UIInterfaceOrientationPortrait UIInterfaceOrientationPortraitUpsideDown UIInterfaceOrientationLandscapeLeft UIInterfaceOrientationLandscapeRight";
				INFOPLIST_KEY_UISupportedInterfaceOrientations_iPhone = "UIInterfaceOrientationPortrait UIInterfaceOrientationLandscapeLeft UIInterfaceOrientationLandscapeRight";
				LD_RUNPATH_SEARCH_PATHS = (
					"$(inherited)",
					"@executable_path/Frameworks",
				);
				MARKETING_VERSION = 1.0;
				PRODUCT_BUNDLE_IDENTIFIER = com.personal.QuizApp;
				PRODUCT_NAME = "$(TARGET_NAME)";
				SWIFT_EMIT_LOC_STRINGS = YES;
				SWIFT_VERSION = 5.0;
				TARGETED_DEVICE_FAMILY = "1,2";
			};
			name = Release;
		};
		843C3AD72C6DFEC400809CE2 /* Debug */ = {
			isa = XCBuildConfiguration;
			buildSettings = {
				ALWAYS_EMBED_SWIFT_STANDARD_LIBRARIES = YES;
				BUNDLE_LOADER = "$(TEST_HOST)";
				CODE_SIGN_STYLE = Automatic;
				CURRENT_PROJECT_VERSION = 1;
				DEVELOPMENT_TEAM = BUV6TS7UB9;
				GENERATE_INFOPLIST_FILE = YES;
				IPHONEOS_DEPLOYMENT_TARGET = 17.5;
				MARKETING_VERSION = 1.0;
				PRODUCT_BUNDLE_IDENTIFIER = com.personal.QuizAppTests;
				PRODUCT_NAME = "$(TARGET_NAME)";
				SWIFT_EMIT_LOC_STRINGS = NO;
				SWIFT_VERSION = 5.0;
				TARGETED_DEVICE_FAMILY = "1,2";
				TEST_HOST = "$(BUILT_PRODUCTS_DIR)/QuizApp.app/$(BUNDLE_EXECUTABLE_FOLDER_PATH)/QuizApp";
			};
			name = Debug;
		};
		843C3AD82C6DFEC400809CE2 /* Release */ = {
			isa = XCBuildConfiguration;
			buildSettings = {
				ALWAYS_EMBED_SWIFT_STANDARD_LIBRARIES = YES;
				BUNDLE_LOADER = "$(TEST_HOST)";
				CODE_SIGN_STYLE = Automatic;
				CURRENT_PROJECT_VERSION = 1;
				DEVELOPMENT_TEAM = BUV6TS7UB9;
				GENERATE_INFOPLIST_FILE = YES;
				IPHONEOS_DEPLOYMENT_TARGET = 17.5;
				MARKETING_VERSION = 1.0;
				PRODUCT_BUNDLE_IDENTIFIER = com.personal.QuizAppTests;
				PRODUCT_NAME = "$(TARGET_NAME)";
				SWIFT_EMIT_LOC_STRINGS = NO;
				SWIFT_VERSION = 5.0;
				TARGETED_DEVICE_FAMILY = "1,2";
				TEST_HOST = "$(BUILT_PRODUCTS_DIR)/QuizApp.app/$(BUNDLE_EXECUTABLE_FOLDER_PATH)/QuizApp";
			};
			name = Release;
		};
		843C3ADA2C6DFEC400809CE2 /* Debug */ = {
			isa = XCBuildConfiguration;
			buildSettings = {
				ALWAYS_EMBED_SWIFT_STANDARD_LIBRARIES = YES;
				CODE_SIGN_STYLE = Automatic;
				CURRENT_PROJECT_VERSION = 1;
				DEVELOPMENT_TEAM = BUV6TS7UB9;
				GENERATE_INFOPLIST_FILE = YES;
				MARKETING_VERSION = 1.0;
				PRODUCT_BUNDLE_IDENTIFIER = com.personal.QuizAppUITests;
				PRODUCT_NAME = "$(TARGET_NAME)";
				SWIFT_EMIT_LOC_STRINGS = NO;
				SWIFT_VERSION = 5.0;
				TARGETED_DEVICE_FAMILY = "1,2";
				TEST_TARGET_NAME = QuizApp;
			};
			name = Debug;
		};
		843C3ADB2C6DFEC400809CE2 /* Release */ = {
			isa = XCBuildConfiguration;
			buildSettings = {
				ALWAYS_EMBED_SWIFT_STANDARD_LIBRARIES = YES;
				CODE_SIGN_STYLE = Automatic;
				CURRENT_PROJECT_VERSION = 1;
				DEVELOPMENT_TEAM = BUV6TS7UB9;
				GENERATE_INFOPLIST_FILE = YES;
				MARKETING_VERSION = 1.0;
				PRODUCT_BUNDLE_IDENTIFIER = com.personal.QuizAppUITests;
				PRODUCT_NAME = "$(TARGET_NAME)";
				SWIFT_EMIT_LOC_STRINGS = NO;
				SWIFT_VERSION = 5.0;
				TARGETED_DEVICE_FAMILY = "1,2";
				TEST_TARGET_NAME = QuizApp;
			};
			name = Release;
		};
/* End XCBuildConfiguration section */

/* Begin XCConfigurationList section */
		843C3AA42C6DFEC300809CE2 /* Build configuration list for PBXProject "QuizApp" */ = {
			isa = XCConfigurationList;
			buildConfigurations = (
				843C3AD12C6DFEC400809CE2 /* Debug */,
				843C3AD22C6DFEC400809CE2 /* Release */,
			);
			defaultConfigurationIsVisible = 0;
			defaultConfigurationName = Release;
		};
		843C3AD32C6DFEC400809CE2 /* Build configuration list for PBXNativeTarget "QuizApp" */ = {
			isa = XCConfigurationList;
			buildConfigurations = (
				843C3AD42C6DFEC400809CE2 /* Debug */,
				843C3AD52C6DFEC400809CE2 /* Release */,
			);
			defaultConfigurationIsVisible = 0;
			defaultConfigurationName = Release;
		};
		843C3AD62C6DFEC400809CE2 /* Build configuration list for PBXNativeTarget "QuizAppTests" */ = {
			isa = XCConfigurationList;
			buildConfigurations = (
				843C3AD72C6DFEC400809CE2 /* Debug */,
				843C3AD82C6DFEC400809CE2 /* Release */,
			);
			defaultConfigurationIsVisible = 0;
			defaultConfigurationName = Release;
		};
		843C3AD92C6DFEC400809CE2 /* Build configuration list for PBXNativeTarget "QuizAppUITests" */ = {
			isa = XCConfigurationList;
			buildConfigurations = (
				843C3ADA2C6DFEC400809CE2 /* Debug */,
				843C3ADB2C6DFEC400809CE2 /* Release */,
			);
			defaultConfigurationIsVisible = 0;
			defaultConfigurationName = Release;
		};
/* End XCConfigurationList section */
	};
	rootObject = 843C3AA12C6DFEC300809CE2 /* Project object */;
}
